
Microsoft Visual Studio Solution File, Format Version 12.00
# Visual Studio Version 16
VisualStudioVersion = 16.0.29020.237
MinimumVisualStudioVersion = 10.0.40219.1
Project("{FAE04EC0-301F-11D3-BF4B-00C04F79EFBC}") = "VistaLanSite", "VistaLanSite\VistaLanSite.csproj", "{588E52DA-B28F-4526-85DD-4B5C00450651}"
EndProject
Global
	GlobalSection(SolutionConfigurationPlatforms) = preSolution
		Debug|Any CPU = Debug|Any CPU
		Release|Any CPU = Release|Any CPU
	EndGlobalSection
	GlobalSection(ProjectConfigurationPlatforms) = postSolution
		{588E52DA-B28F-4526-85DD-4B5C00450651}.Debug|Any CPU.ActiveCfg = Debug|Any CPU
		{588E52DA-B28F-4526-85DD-4B5C00450651}.Debug|Any CPU.Build.0 = Debug|Any CPU
		{588E52DA-B28F-4526-85DD-4B5C00450651}.Release|Any CPU.ActiveCfg = Release|Any CPU
		{588E52DA-B28F-4526-85DD-4B5C00450651}.Release|Any CPU.Build.0 = Release|Any CPU
	EndGlobalSection
	GlobalSection(SolutionProperties) = preSolution
		HideSolutionNode = FALSE
	EndGlobalSection
	GlobalSection(ExtensibilityGlobals) = postSolution
		SolutionGuid = {F692687F-1421-4A53-8C82-E72F1AA4B917}
	EndGlobalSection
EndGlobal
